github.com/Jeffail/gabs v1.1.1 h1:V0uzR08Hj22EX8+8QMhyI9sX2hwRu+/RJhJUmnwda/E=
github.com/Jeffail/gabs v1.1.1/go.mod h1:6xMvQMK4k33lb7GUUpaAPh6nKMmemQeg5d4gn7/bOXc=
github.com/Jeffail/gabs v1.2.0 h1:uFhoIVTtsX7hV2RxNgWad8gMU+8OJdzFbOathJdhD3o=
github.com/Jeffail/gabs v1.2.0/go.mod h1:6xMvQMK4k33lb7GUUpaAPh6nKMmemQeg5d4gn7/bOXc=
github.com/Jeffail/gabs v1.3.1 h1:6SHn5/5/JADuTC1SJGYB9RI4aZ7dbtDjXfsHhyoanm8=
github.com/Jeffail/gabs v1.3.1/go.mod h1:6xMvQMK4k33lb7GUUpaAPh6nKMmemQeg5d4gn7/bOXc=
github.com/Jeffail/gabs v1.4.0 h1://5fYRRTq1edjfIrQGvdkcd22pkYUrHZ5YC/H2GJVAo=
github.com/Jeffail/gabs v1.4.0/go.mod h1:6xMvQMK4k33lb7GUUpaAPh6nKMmemQeg5d4gn7/bOXc=
github.com/alcortesm/tgz v0.0.0-20161220082320-9c5fe88206d7/go.mod h1:6zEj6s6u/ghQa61ZWa/C2Aw3RkjiTBOix7dkqa1VLIs=
github.com/alecthomas/gometalinter v3.0.0+incompatible h1:+A0g3WZuqrIRQtFITjs53Dxu7S8yj99GY3u53Szo5p0=
github.com/alecthomas/gometalinter v3.0.0+incompatible/go.mod h1:qfIpQGGz3d+NmgyPBqv+LSh50emm1pt72EtcX2vKYQk=
github.com/alecthomas/units v0.0.0-20151022065526-2efee857e7cf h1:qet1QNfXsQxTZqLG4oE62mJzwPIB8+Tee4RNCL9ulrY=
github.com/alecthomas/units v0.0.0-20151022065526-2efee857e7cf/go.mod h1:ybxpYRFXyAe+OPACYpWeL0wqObRcbAqCMya13uyzqw0=
github.com/anmitsu/go-shlex v0.0.0-20161002113705-648efa622239/go.mod h1:2FmKhYUyUczH0OGQWaF5ceTx0UBShxjsH6f8oGKYe2c=
github.com/armon/consul-api v0.0.0-20180202201655-eb2c6b5be1b6/go.mod h1:grANhF5doyWs3UAsr3K4I6qtAmlQcZDesFNEHPZAzj8=
github.com/beorn7/perks v0.0.0-20180321164747-3a771d992973 h1:xJ4a3vCFaGF/jqvzLMYoU8P317H5OQ+Via4RmuPwCS0=
github.com/beorn7/perks v0.0.0-20180321164747-3a771d992973/go.mod h1:Dwedo/Wpr24TaqPxmxbtue+5NUziq4I4S80YR8gNf3Q=
github.com/coreos/etcd v3.3.10+incompatible/go.mod h1:uF7uidLiAD3TWHmW31ZFd/JWoc32PjwdhPthX9715RE=
github.com/coreos/go-etcd v2.0.0+incompatible/go.mod h1:Jez6KQU2B/sWsbdaef3ED8NzMklzPG4d5KIOhIy30Tk=
github.com/coreos/go-semver v0.2.0/go.mod h1:nnelYz7RCh+5ahJtPPxZlU+153eP4D4r3EedlOD2RNk=
github.com/davecgh/go-spew v1.1.1 h1:vj9j/u1bqnvCEfJOwUhtlOARqs3+rkHYY13jYWTU97c=
github.com/davecgh/go-spew v1.1.1/go.mod h1:J7Y8YcW2NihsgmVo/mv3lAwl/skON4iLHjSsI+c5H38=
github.com/dyatlov/go-oembed v0.0.0-20180429203341-4bc5ab7a42e9 h1:cdw1dgA549x0tZR5zM5bjobQXFFShOsozUbzWZgmd30=
github.com/dyatlov/go-oembed v0.0.0-20180429203341-4bc5ab7a42e9/go.mod h1:3XylPVY2YGcV9RQBie0DspVncA1nsgsYQ8BtIs52fz4=
github.com/emirpasic/gods v1.9.0 h1:rUF4PuzEjMChMiNsVjdI+SyLu7rEqpQ5reNFnhC7oFo=
github.com/emirpasic/gods v1.9.0/go.mod h1:YfzfFFoVP/catgzJb4IKIqXjX78Ha8FMSDh3ymbK86o=
github.com/flynn/go-shlex v0.0.0-20150515145356-3f9db97f8568/go.mod h1:xEzjJPgXI435gkrCt3MPfRiAkVrwSbHsst4LCFVfpJc=
github.com/fortytw2/leaktest v1.3.0 h1:u8491cBMTQ8ft8aeV+adlcytMZylmA5nnwwkRZjI8vw=
github.com/fortytw2/leaktest v1.3.0/go.mod h1:jDsjWgpAGjm2CA7WthBh/CdZYEPF31XHquHwclZch5g=
github.com/fsnotify/fsnotify v1.4.7 h1:IXs+QLmnXW2CcXuY+8Mzv/fWEsPGWxqefPtCP5CnV9I=
github.com/fsnotify/fsnotify v1.4.7/go.mod h1:jwhsz4b93w/PPRr/qN1Yymfu8t87LnFCMoQvtojpjFo=
github.com/ghodss/yaml v1.0.0 h1:wQHKEahhL6wmXdzwWG11gIVCkOv05bNOh+Rxn0yngAk=
github.com/ghodss/yaml v1.0.0/go.mod h1:4dBDuWmgqj2HViK6kFavaiC9ZROes6MMH2rRYeMEF04=
github.com/gliderlabs/ssh v0.1.1/go.mod h1:U7qILu1NlMHj9FlMhZLlkCdDnU1DBEAqr0aevW3Awn0=
github.com/golang/protobuf v1.2.0 h1:P3YflyNX/ehuJFLhxviNdFxQPkGK5cDcApsge1SqnvM=
github.com/golang/protobuf v1.2.0/go.mod h1:6lQm79b+lXiMfvg/cZm0SGofjICqVBUtrP5yJMmIC1U=
github.com/google/go-cmp v0.2.0 h1:+dTQ8DZQJz0Mb/HjFlkptS1FeQ4cWSnN941F8aEG4SQ=
github.com/google/go-cmp v0.2.0/go.mod h1:oXzfMopK8JAjlY9xF4vHSVASa0yLyX7SntLO5aqRK0M=
github.com/google/shlex v0.0.0-20181106134648-c34317bd91bf h1:7+FW5aGwISbqUtkfmIpZJGRgNFg2ioYPvFaUxdqpDsg=
github.com/google/shlex v0.0.0-20181106134648-c34317bd91bf/go.mod h1:RpwtwJQFrIEPstU94h88MWPXP2ektJZ8cZ0YntAmXiE=
github.com/hashicorp/hcl v1.0.0 h1:0Anlzjpi4vEasTeNFn2mLJgTSwt0+6sfsiTG8qcWGx4=
github.com/hashicorp/hcl v1.0.0/go.mod h1:E5yfLk+7swimpb2L/Alb/PJmXilQ/rhwaUYs4T20WEQ=
github.com/icza/dyno v0.0.0-20180601094105-0c96289f9585 h1:kWQPgPrzV4M6ntaGzqU/tI9/OdntSFA9Y9ft/wlDpy0=
github.com/icza/dyno v0.0.0-20180601094105-0c96289f9585/go.mod h1:FOWDLyFiAsx5UmipjsBYguvps42mgph4nRPwuci95qM=
github.com/italia/developers-italia-backend v0.0.0-20181018193642-3fad33631e04 h1:jU4sz1EB8A1gJfnL6I/2C7wLdNiDamqUqG3li5+gU3k=
github.com/italia/developers-italia-backend v0.0.0-20190211224523-4c806be98a08 h1:2sOdv/ivyrDpB7uBoXWdGx43i3J2wZV7SEjXDituRDw=
github.com/italia/publiccode-parser-go v0.0.0-20181107161327-d94a3cc20568 h1:vn78+hjKwa7Rz0CtH6TeBO7evxp02bxE6ENzj9YWUrY=
github.com/italia/publiccode-parser-go v0.0.0-20181107161327-d94a3cc20568/go.mod h1:7IA9hcAdvFs9RapWwhY1hBa0XN29NM11JBvhKkcV2xs=
github.com/italia/publiccode-parser-go v0.0.0-20190206225521-e888de23e99c h1:EXSETvw3wDb81nKcdSQe4SAtftlEWLiPfMDjdq/ZjtI=
github.com/italia/publiccode-parser-go v0.0.0-20190206225521-e888de23e99c/go.mod h1:P8kqCeo3s+4UNOY2x5ucAgcsoL4xqm9LjW7XghcQUFg=
github.com/italia/publiccode-parser-go v0.0.0-20190206225909-320a718b630b h1:2nLR3IbFCRPKdZtGABhWneXi0oDALg2qRcwJ/3e/ghw=
github.com/italia/publiccode-parser-go v0.0.0-20190206225909-320a718b630b/go.mod h1:P8kqCeo3s+4UNOY2x5ucAgcsoL4xqm9LjW7XghcQUFg=
github.com/italia/publiccode-parser-go v0.0.0-20190207160152-b198dd1bf561 h1:DbrkuzYw74tgeRpDFmFHTUN5vgePrNQsLtIQcjVLVOg=
github.com/italia/publiccode-parser-go v0.0.0-20190207160152-b198dd1bf561/go.mod h1:P8kqCeo3s+4UNOY2x5ucAgcsoL4xqm9LjW7XghcQUFg=
github.com/italia/publiccode-parser-go v0.0.0-20190207161923-861653dd7f17 h1:uxt7jIkjqmeqZ1pHrQZiyCk1b4TsD4xul7Ksk7rkyz4=
github.com/italia/publiccode-parser-go v0.0.0-20190207161923-861653dd7f17/go.mod h1:P8kqCeo3s+4UNOY2x5ucAgcsoL4xqm9LjW7XghcQUFg=
github.com/italia/publiccode-parser-go v0.0.0-20190207163107-bb35674f1ad2 h1:hlw5ZRsFyHofbVWv1EM0nU7TSh1ujlZeUbQcjqFXu6E=
github.com/italia/publiccode-parser-go v0.0.0-20190207163107-bb35674f1ad2/go.mod h1:P8kqCeo3s+4UNOY2x5ucAgcsoL4xqm9LjW7XghcQUFg=
github.com/italia/publiccode-parser-go v0.0.0-20190211172106-e396ecd75b1b h1:U3BSnmZEVWWX+JuIhN8h86Y/OhSzAQG4BIwXRN5lN5s=
github.com/italia/publiccode-parser-go v0.0.0-20190211172106-e396ecd75b1b/go.mod h1:u6MAHxWmyvVRhZZDPOtEVHaXD5Rnm6K3IjwlQKcjWjM=
github.com/italia/publiccode-parser-go v0.0.0-20190211175119-d70c6ce06a47 h1:wN/P7EoD4lIpjle1iu94aTkVGXoXHKomHOaTudhAIdI=
github.com/italia/publiccode-parser-go v0.0.0-20190211175119-d70c6ce06a47/go.mod h1:u6MAHxWmyvVRhZZDPOtEVHaXD5Rnm6K3IjwlQKcjWjM=
github.com/italia/publiccode-parser-go v0.0.0-20190211180420-c58f59926ee9 h1:vKkFHp90vKnan3OkPwmmV365dmVxvBAJU/j4zNiFrKo=
github.com/italia/publiccode-parser-go v0.0.0-20190211180420-c58f59926ee9/go.mod h1:u6MAHxWmyvVRhZZDPOtEVHaXD5Rnm6K3IjwlQKcjWjM=
github.com/italia/publiccode-parser-go v0.0.0-20190211200555-25e5a4737bf9 h1:L3RhTx97KTqe1lreOXI0oIQhDmpz5YnW/f1PpcahFcM=
github.com/italia/publiccode-parser-go v0.0.0-20190211200555-25e5a4737bf9/go.mod h1:u6MAHxWmyvVRhZZDPOtEVHaXD5Rnm6K3IjwlQKcjWjM=
github.com/italia/publiccode-parser-go v0.0.0-20190211210212-681bbad861e9 h1:sZfKnHdpdZWJY/rMiGah1KbIGGRhNxfIdDZcv6WOOY0=
github.com/italia/publiccode-parser-go v0.0.0-20190211210212-681bbad861e9/go.mod h1:u6MAHxWmyvVRhZZDPOtEVHaXD5Rnm6K3IjwlQKcjWjM=
github.com/italia/publiccode-parser-go v0.0.0-20190228115450-b3e7c1946c52 h1:Qx9wflKor75GDiM6/MVwjmHqErWSnPK+VcuS/GAubOE=
github.com/italia/publiccode-parser-go v0.0.0-20190228115450-b3e7c1946c52/go.mod h1:OoiHTIcVrQlgywqzjwAniJWC4a9kQ6JJIA3kEEa7nnw=
github.com/italia/publiccode-parser-go v0.0.0-20190315204117-03ff4dc50aa3 h1:dcwAM064MuKM2sXFMz8l1A0y9GcaYOBUXxtyQ6hKFGA=
github.com/italia/publiccode-parser-go v0.0.0-20190315204117-03ff4dc50aa3/go.mod h1:OoiHTIcVrQlgywqzjwAniJWC4a9kQ6JJIA3kEEa7nnw=
github.com/italia/publiccode-parser-go v0.0.0-20190319155556-e1aa3d909e50 h1:2skyIhe8w5f8w8RzwxmZz0+NTUJBykimxsKu1Xl3dys=
github.com/italia/publiccode-parser-go v0.0.0-20190319155556-e1aa3d909e50/go.mod h1:OoiHTIcVrQlgywqzjwAniJWC4a9kQ6JJIA3kEEa7nnw=
github.com/italia/publiccode-parser-go v0.0.0-20190323154020-c54217e03d37 h1:Kt6i3tMkLmhid98DPvtyqc0HQ9zQQOykLowG9+GwDYs=
github.com/italia/publiccode-parser-go v0.0.0-20190323154020-c54217e03d37/go.mod h1:OoiHTIcVrQlgywqzjwAniJWC4a9kQ6JJIA3kEEa7nnw=
github.com/italia/publiccode-parser-go v0.0.0-20190323165852-3453b0fe4316 h1:e+mTC2crwNKnOCQnVImA0TX9OdMfSy3lLHxS81qn8OY=
github.com/italia/publiccode-parser-go v0.0.0-20190323165852-3453b0fe4316/go.mod h1:OoiHTIcVrQlgywqzjwAniJWC4a9kQ6JJIA3kEEa7nnw=
github.com/italia/publiccode-parser-go v0.0.0-20190326125928-376e59455c81 h1:u62v9uGHePbao/clwvayhOEsgMqLDl871NF0NjQnBt0=
github.com/italia/publiccode-parser-go v0.0.0-20190326125928-376e59455c81/go.mod h1:OoiHTIcVrQlgywqzjwAniJWC4a9kQ6JJIA3kEEa7nnw=
github.com/italia/publiccode-parser-go v0.0.0-20190329223451-3f44cd3b3378 h1:iEQIHXAylL96+KCkK2s8+M5O7+FVScLVuFuUDvI9gZ0=
github.com/italia/publiccode-parser-go v0.0.0-20190329223451-3f44cd3b3378/go.mod h1:OoiHTIcVrQlgywqzjwAniJWC4a9kQ6JJIA3kEEa7nnw=
github.com/italia/publiccode-parser-go v0.0.0-20190329223719-f774c6637234 h1:UXQxRf9Ho80SaYhl0+/9BdPBmV+4YJgmRCFn7vkilQg=
github.com/italia/publiccode-parser-go v0.0.0-20190329223719-f774c6637234/go.mod h1:OoiHTIcVrQlgywqzjwAniJWC4a9kQ6JJIA3kEEa7nnw=
github.com/italia/publiccode-parser-go v0.0.0-20190415080057-105c27555da5 h1:tTgF2U8m2+iClvMxqcbrcetfTaMRprdWlkN1OtxjouM=
github.com/italia/publiccode-parser-go v0.0.0-20190415080057-105c27555da5/go.mod h1:OoiHTIcVrQlgywqzjwAniJWC4a9kQ6JJIA3kEEa7nnw=
github.com/italia/publiccode-parser-go v0.0.0-20190506083018-8abee6934309 h1:ZcfGST3SR/UgwfAGxFzVbLwlw8XkL5AZR5hqV3OgDxw=
github.com/italia/publiccode-parser-go v0.0.0-20190506083018-8abee6934309/go.mod h1:OoiHTIcVrQlgywqzjwAniJWC4a9kQ6JJIA3kEEa7nnw=
github.com/italia/publiccode-parser-go v0.0.0-20190613104053-489c78827ed1 h1:OOWegVYJoWuMxEvNBdUlbsDer53BXzAVhZ20Y/BpOkc=
github.com/italia/publiccode-parser-go v0.0.0-20190613104053-489c78827ed1/go.mod h1:OoiHTIcVrQlgywqzjwAniJWC4a9kQ6JJIA3kEEa7nnw=
github.com/italia/publiccode-parser-go v0.0.0-20190620152436-bd050a507c36 h1:/Aaj3IW8ktd+RWHYI2BdYlC3S87oFa/gnhuwGy2E1E4=
github.com/italia/publiccode-parser-go v0.0.0-20190620152436-bd050a507c36/go.mod h1:OoiHTIcVrQlgywqzjwAniJWC4a9kQ6JJIA3kEEa7nnw=
github.com/jbenet/go-context v0.0.0-20150711004518-d14ea06fba99 h1:BQSFePA1RWJOlocH6Fxy8MmwDt+yVQYULKfN0RoTN8A=
github.com/jbenet/go-context v0.0.0-20150711004518-d14ea06fba99/go.mod h1:1lJo3i6rXxKeerYnT8Nvf0QmHCRC1n8sfWVwXF2Frvo=
github.com/jessevdk/go-flags v1.4.0/go.mod h1:4FA24M0QyGHXBuZZK/XkWh8h0e1EYbRYJSGM75WSRxI=
github.com/kevinburke/ssh_config v0.0.0-20180830205328-81db2a75821e h1:RgQk53JHp/Cjunrr1WlsXSZpqXn+uREuHvUVcK82CV8=
github.com/kevinburke/ssh_config v0.0.0-20180830205328-81db2a75821e/go.mod h1:CT57kijsi8u/K/BOFA39wgDQJ9CxiF4nAY/ojJ6r6mM=
github.com/konsorten/go-windows-terminal-sequences v1.0.1/go.mod h1:T0+1ngSBFLxvqU3pZ+m/2kptfBszLMUkC4ZK/EgS/cQ=
github.com/kr/pretty v0.1.0 h1:L/CwN0zerZDmRFUapSPitk6f+Q3+0za1rQkzVuMiMFI=
github.com/kr/pretty v0.1.0/go.mod h1:dAy3ld7l9f0ibDNOQOHHMYYIIbhfbHSm3C4ZsoJORNo=
github.com/kr/pty v1.1.1/go.mod h1:pFQYn66WHrOpPYNljwOMqo10TkYh1fy3cYio2l3bCsQ=
github.com/kr/text v0.1.0 h1:45sCR5RtlFHMR4UwH9sdQ5TC8v0qDQCHnXt+kaKSTVE=
github.com/kr/text v0.1.0/go.mod h1:4Jbv+DJW3UT/LiOwJeYQe1efqtUx/iVham/4vfdArNI=
github.com/magiconair/properties v1.8.0 h1:LLgXmsheXeRoUOBOjtwPQCWIYqM/LU1ayDtDePerRcY=
github.com/magiconair/properties v1.8.0/go.mod h1:PppfXfuXeibc/6YijjN8zIbojt8czPbwD3XqdrwzmxQ=
github.com/mailru/easyjson v0.0.0-20180823135443-60711f1a8329 h1:2gxZ0XQIU/5z3Z3bUBu+FXuk2pFbkN6tcwi/pjyaDic=
github.com/mailru/easyjson v0.0.0-20180823135443-60711f1a8329/go.mod h1:C1wdFJiN94OJF2b5HbByQZoLdCWB1Yqtg26g4irojpc=
github.com/mattn/go-runewidth v0.0.4 h1:2BvfKmzob6Bmd4YsL0zygOqfdFnK7GR4QL06Do4/p7Y=
github.com/mattn/go-runewidth v0.0.4/go.mod h1:LwmH8dsx7+W8Uxz3IHJYH5QSwggIsqBzpuz5H//U1FU=
github.com/matttproud/golang_protobuf_extensions v1.0.1 h1:4hp9jkHxhMHkqkrB3Ix0jegS5sx/RkqARlsWZ6pIwiU=
github.com/matttproud/golang_protobuf_extensions v1.0.1/go.mod h1:D8He9yQNgCq6Z5Ld7szi9bcBfOoFv/3dc6xSMkL2PC0=
github.com/mitchellh/go-homedir v1.0.0 h1:vKb8ShqSby24Yrqr/yDYkuFz8d0WUjys40rvnGC8aR0=
github.com/mitchellh/go-homedir v1.0.0/go.mod h1:SfyaCUpYCn1Vlf4IUYiD9fPX4A5wJrkLzIz1N1q0pr0=
github.com/mitchellh/mapstructure v1.1.2 h1:fmNYVwqnSfB9mZU6OS2O6GsXM+wcskZDuKQzvN1EDeE=
github.com/mitchellh/mapstructure v1.1.2/go.mod h1:FVVH3fgwuzCH5S8UJGiWEs2h04kUh9fWfEaFds41c1Y=
github.com/nicksnyder/go-i18n v1.10.0 h1:5AzlPKvXBH4qBzmZ09Ua9Gipyruv6uApMcrNZdo96+Q=
github.com/nicksnyder/go-i18n v1.10.0/go.mod h1:HrK7VCrbOvQoUAQ7Vpy7i87N7JZZZ7R2xBGjv0j365Q=
github.com/olekukonko/tablewriter v0.0.1 h1:b3iUnf1v+ppJiOfNX4yxxqfWKMQPZR5yoh8urCTFX88=
github.com/olekukonko/tablewriter v0.0.1/go.mod h1:vsDQFd/mU46D+Z4whnwzcISnGGzXWMclvtLoiIKAKIo=
github.com/olivere/elastic v6.2.15+incompatible h1:j3rfMOkDbo53vnD8mb1Aa89O13RawD/l0W2xSji9FwU=
github.com/olivere/elastic v6.2.15+incompatible/go.mod h1:J+q1zQJTgAz9woqsbVRqGeB5G1iqDKVBWLNSYW8yfJ8=
github.com/pelletier/go-buffruneio v0.2.0 h1:U4t4R6YkofJ5xHm3dJzuRpPZ0mr5MMCoAWooScCR7aA=
github.com/pelletier/go-buffruneio v0.2.0/go.mod h1:JkE26KsDizTr40EUHkXVtNPvgGtbSNq5BcowyYOWdKo=
github.com/pelletier/go-toml v1.2.0 h1:T5zMGML61Wp+FlcbWjRDT7yAxhJNAiPPLOFECq181zc=
github.com/pelletier/go-toml v1.2.0/go.mod h1:5z9KED0ma1S8pY6P1sdut58dfprrGBbd/94hg7ilaic=
github.com/pkg/errors v0.8.0 h1:WdK/asTD0HN+q6hsWO3/vpuAkAr+tw6aNJNDFFf0+qw=
github.com/pkg/errors v0.8.0/go.mod h1:bwawxfHBFNV+L2hUp1rHADufV3IMtnDRdf1r5NINEl0=
github.com/pmezard/go-difflib v1.0.0 h1:4DBwDE0NGyQoBHbLQYPwSUPoCMWR5BEzIk/f1lZbAQM=
github.com/pmezard/go-difflib v1.0.0/go.mod h1:iKH77koFhYxTK1pcRnkKkqfTogsbg7gZNVY4sRDYZ/4=
github.com/prometheus/client_golang v0.9.2 h1:awm861/B8OKDd2I/6o1dy3ra4BamzKhYOiGItCeZ740=
github.com/prometheus/client_golang v0.9.2/go.mod h1:OsXs2jCmiKlQ1lTBmv21f2mNfw4xf/QclQDMrYNZzcM=
github.com/prometheus/client_model v0.0.0-20180712105110-5c3871d89910 h1:idejC8f05m9MGOsuEi1ATq9shN03HrxNkD/luQvxCv8=
github.com/prometheus/client_model v0.0.0-20180712105110-5c3871d89910/go.mod h1:MbSGuTsp3dbXC40dX6PRTWyKYBIrTGTE9sqQNg2J8bo=
github.com/prometheus/common v0.0.0-20181126121408-4724e9255275 h1:PnBWHBf+6L0jOqq0gIVUe6Yk0/QMZ640k6NvkxcBf+8=
github.com/prometheus/common v0.0.0-20181126121408-4724e9255275/go.mod h1:daVV7qP5qjZbuso7PdcryaAu0sAZbrN9i7WWcTMWvro=
github.com/prometheus/procfs v0.0.0-20181204211112-1dc9a6cbc91a h1:9a8MnZMP0X2nLJdBg+pBmGgkJlSaKC2KaQmTCk1XDtE=
github.com/prometheus/procfs v0.0.0-20181204211112-1dc9a6cbc91a/go.mod h1:c3At6R/oaqEKCNdg8wHV1ftS6bRYblBhIjjI8uT2IGk=
github.com/r3vit/go-spdx v0.0.0-20180531140640-34a46ab144b1 h1:MfNJpWm6kIotD9VVRTmJAf7PsWZYQvrsGJpPL1kRV/Y=
github.com/r3vit/go-spdx v0.0.0-20180531140640-34a46ab144b1/go.mod h1:4UMsmwV0XVOC+SAL+YUHQEPHR2Mv9hvWufXiGO3vjtA=
github.com/sergi/go-diff v1.0.0 h1:Kpca3qRNrduNnOQeazBd0ysaKrUJiIuISHxogkT9RPQ=
github.com/sergi/go-diff v1.0.0/go.mod h1:0CfEIISq7TuYL3j771MWULgwwjU+GofnZX9QAmXWZgo=
github.com/sirupsen/logrus v1.3.0 h1:hI/7Q+DtNZ2kINb6qt/lS+IyXnHQe9e90POfeewL/ME=
github.com/sirupsen/logrus v1.3.0/go.mod h1:LxeOpSwHxABJmUn/MG1IvRgCAasNZTLOkJPxbbu5VWo=
github.com/spf13/afero v1.1.2 h1:m8/z1t7/fwjysjQRYbP0RD+bUIF/8tJwPdEZsI83ACI=
github.com/spf13/afero v1.1.2/go.mod h1:j4pytiNVoe2o6bmDsKpLACNPDBIoEAkihy7loJ1B0CQ=
github.com/spf13/cast v1.3.0 h1:oget//CVOEoFewqQxwr0Ej5yjygnqGkvggSE/gB35Q8=
github.com/spf13/cast v1.3.0/go.mod h1:Qx5cxh0v+4UWYiBimWS+eyWzqEqokIECu5etghLkUJE=
github.com/spf13/cobra v0.0.3 h1:ZlrZ4XsMRm04Fr5pSFxBgfND2EBVa1nLpiy1stUsX/8=
github.com/spf13/cobra v0.0.3/go.mod h1:1l0Ry5zgKvJasoi3XT1TypsSe7PqH0Sj9dhYf7v3XqQ=
github.com/spf13/jwalterweatherman v1.0.0 h1:XHEdyB+EcvlqZamSM4ZOMGlc93t6AcsBEu9Gc1vn7yk=
github.com/spf13/jwalterweatherman v1.0.0/go.mod h1:cQK4TGJAtQXfYWX+Ddv3mKDzgVb68N+wFjFa4jdeBTo=
github.com/spf13/pflag v1.0.3 h1:zPAT6CGy6wXeQ7NtTnaTerfKOsV6V6F8agHXFiazDkg=
github.com/spf13/pflag v1.0.3/go.mod h1:DYY7MBk1bdzusC3SYhjObp+wFpr4gzcvqqNjLnInEg4=
github.com/spf13/viper v1.3.1 h1:5+8j8FTpnFV4nEImW/ofkzEt8VoOiLXxdYIDsB73T38=
github.com/spf13/viper v1.3.1/go.mod h1:ZiWeW+zYFKm7srdB9IoDzzZXaJaI5eL9QjNiN/DMA2s=
github.com/src-d/gcfg v1.4.0 h1:xXbNR5AlLSA315x2UO+fTSSAXCDf+Ar38/6oyGbDKQ4=
github.com/src-d/gcfg v1.4.0/go.mod h1:p/UMsR43ujA89BJY9duynAwIpvqEujIH/jFlfL7jWoI=
github.com/stretchr/objx v0.1.1/go.mod h1:HFkY916IF+rwdDfMAkV7OtwuqBVzrE8GR6GFx+wExME=
github.com/stretchr/testify v1.2.2 h1:bSDNvY7ZPG5RlJ8otE/7V6gMiyenm9RtJ7IUVIAoJ1w=
github.com/stretchr/testify v1.2.2/go.mod h1:a8OnRcib4nhh0OaRAV+Yts87kKdq0PP7pXfy6kDkUVs=
github.com/thoas/go-funk v0.0.0-20181020164546-fbae87fb5b5c h1:3sFKuGerP3mGyXo7gDR1dGQ6GdIrI8s5KWmct0R5J6A=
github.com/thoas/go-funk v0.0.0-20181020164546-fbae87fb5b5c/go.mod h1:mlR+dHGb+4YgXkf13rkQTuzrneeHANxOm6+ZnEV9HsA=
github.com/thoas/go-funk v0.0.0-20190328084834-b6996520715f h1:hucXnlEXfHvrY7vI9hP1bJX/olUUt5a6u3QvxXrtANw=
github.com/thoas/go-funk v0.0.0-20190328084834-b6996520715f/go.mod h1:mlR+dHGb+4YgXkf13rkQTuzrneeHANxOm6+ZnEV9HsA=
github.com/thoas/go-funk v0.4.0 h1:KBaa5NL7NMtsFlQaD8nQMbDt1wuM+OOaNQyYNYQFhVo=
github.com/thoas/go-funk v0.4.0/go.mod h1:mlR+dHGb+4YgXkf13rkQTuzrneeHANxOm6+ZnEV9HsA=
github.com/tomnomnom/linkheader v0.0.0-20180905144013-02ca5825eb80 h1:nrZ3ySNYwJbSpD6ce9duiP+QkD3JuLCcWkdaehUS/3Y=
github.com/tomnomnom/linkheader v0.0.0-20180905144013-02ca5825eb80/go.mod h1:iFyPdL66DjUD96XmzVL3ZntbzcflLnznH0fr99w5VqE=
github.com/ugorji/go/codec v0.0.0-20181204163529-d75b2dcb6bc8/go.mod h1:VFNgLljTbGfSG7qAOspJ7OScBnGdDN/yBr0sguwnwf0=
github.com/xanzy/ssh-agent v0.2.0 h1:Adglfbi5p9Z0BmK2oKU9nTG+zKfniSfnaMYB+ULd+Ro=
github.com/xanzy/ssh-agent v0.2.0/go.mod h1:0NyE30eGUDliuLEHJgYte/zncp2zdTStcOnWhgSqHD8=
github.com/xordataexchange/crypt v0.0.3-0.20170626215501-b2862e3d0a77/go.mod h1:aYKd//L2LvnjZzWKhF00oedf4jCCReLcmhLdhm1A27Q=
golang.org/x/crypto v0.0.0-20180904163835-0709b304e793/go.mod h1:6SG95UA2DQfeDnfUPMdvaQW0Q7yPrPDi9nlGo2tz2b4=
golang.org/x/crypto v0.0.0-20181203042331-505ab145d0a9 h1:mKdxBk7AujPs8kU4m80U72y/zjbZ3UcXC7dClwKbUI0=
golang.org/x/crypto v0.0.0-20181203042331-505ab145d0a9/go.mod h1:6SG95UA2DQfeDnfUPMdvaQW0Q7yPrPDi9nlGo2tz2b4=
golang.org/x/crypto v0.0.0-20190308221718-c2843e01d9a2/go.mod h1:djNgcEr1/C05ACkg1iLfiJU5Ep61QUkGW8qpdssI0+w=
golang.org/x/crypto v0.0.0-20190426145343-a29dc8fdc734 h1:p/H982KKEjUnLJkM3tt/LemDnOc1GiZL5FCVlORJ5zo=
golang.org/x/crypto v0.0.0-20190426145343-a29dc8fdc734/go.mod h1:yigFU9vqHzYiE8UmvKecakEJjdnWj3jj499lnFckfCI=
golang.org/x/crypto v0.0.0-20190611184440-5c40567a22f8 h1:1wopBVtVdWnn03fZelqdXTqk7U7zPQCb+T4rbU9ZEoU=
golang.org/x/crypto v0.0.0-20190611184440-5c40567a22f8/go.mod h1:yigFU9vqHzYiE8UmvKecakEJjdnWj3jj499lnFckfCI=
golang.org/x/crypto v0.0.0-20190618222545-ea8f1a30c443/go.mod h1:yigFU9vqHzYiE8UmvKecakEJjdnWj3jj499lnFckfCI=
golang.org/x/net v0.0.0-20180906233101-161cd47e91fd/go.mod h1:mL1N/T3taQHkDXs73rZJwtUhF3w3ftmwwsq0BUmARs4=
golang.org/x/net v0.0.0-20181201002055-351d144fa1fc h1:a3CU5tJYVj92DY2LaA1kUkrsqD5/3mLDhx2NcNqyW+0=
golang.org/x/net v0.0.0-20181201002055-351d144fa1fc/go.mod h1:mL1N/T3taQHkDXs73rZJwtUhF3w3ftmwwsq0BUmARs4=
golang.org/x/net v0.0.0-20190311183353-d8887717615a/go.mod h1:t9HGtf8HONx5eT2rtn7q6eTqICYqUVnKs3thJo3Qplg=
golang.org/x/net v0.0.0-20190404232315-eb5bcb51f2a3/go.mod h1:t9HGtf8HONx5eT2rtn7q6eTqICYqUVnKs3thJo3Qplg=
golang.org/x/net v0.0.0-20190503192946-f4e77d36d62c h1:uOCk1iQW6Vc18bnC13MfzScl+wdKBmM9Y9kU7Z83/lw=
golang.org/x/net v0.0.0-20190503192946-f4e77d36d62c/go.mod h1:t9HGtf8HONx5eT2rtn7q6eTqICYqUVnKs3thJo3Qplg=
golang.org/x/net v0.0.0-20190611141213-3f473d35a33a h1:+KkCgOMgnKSgenxTBoiwkMqTiouMIy/3o8RLdmSbGoY=
golang.org/x/net v0.0.0-20190611141213-3f473d35a33a/go.mod h1:z5CRVTTTmAJ677TzLLGU+0bjPO0LkuOLi4/5GtJWs/s=
golang.org/x/net v0.0.0-20190619014844-b5b0513f8c1b/go.mod h1:z5CRVTTTmAJ677TzLLGU+0bjPO0LkuOLi4/5GtJWs/s=
golang.org/x/sync v0.0.0-20181108010431-42b317875d0f/go.mod h1:RxMgew5VJxzue5/jJTE5uejpjVlOe/izrB70Jof72aM=
golang.org/x/sync v0.0.0-20190423024810-112230192c58/go.mod h1:RxMgew5VJxzue5/jJTE5uejpjVlOe/izrB70Jof72aM=
golang.org/x/sys v0.0.0-20180903190138-2b024373dcd9/go.mod h1:STP8DvDyc/dI5b8T5hshtkjS+E42TnysNCUPdjciGhY=
golang.org/x/sys v0.0.0-20180905080454-ebe1bf3edb33/go.mod h1:STP8DvDyc/dI5b8T5hshtkjS+E42TnysNCUPdjciGhY=
golang.org/x/sys v0.0.0-20181205085412-a5c9d58dba9a h1:1n5lsVfiQW3yfsRGu98756EH1YthsFqr/5mxHduZW2A=
golang.org/x/sys v0.0.0-20181205085412-a5c9d58dba9a/go.mod h1:STP8DvDyc/dI5b8T5hshtkjS+E42TnysNCUPdjciGhY=
golang.org/x/sys v0.0.0-20190215142949-d0b11bdaac8a/go.mod h1:STP8DvDyc/dI5b8T5hshtkjS+E42TnysNCUPdjciGhY=
golang.org/x/sys v0.0.0-20190412213103-97732733099d/go.mod h1:h1NjWce9XRLGQEsW7wpKNCjG9DtNlClVuFLEZdDNbEs=
golang.org/x/sys v0.0.0-20190502175342-a43fa875dd82 h1:vsphBvatvfbhlb4PO1BYSr9dzugGxJ/SQHoNufZJq1w=
golang.org/x/sys v0.0.0-20190502175342-a43fa875dd82/go.mod h1:h1NjWce9XRLGQEsW7wpKNCjG9DtNlClVuFLEZdDNbEs=
golang.org/x/sys v0.0.0-20190613101156-ab3f67ed278a h1:sPlwkA5W19gtxRApEyGyqWg4ngTrMzOJ43fOsWrgYEE=
golang.org/x/sys v0.0.0-20190613101156-ab3f67ed278a/go.mod h1:h1NjWce9XRLGQEsW7wpKNCjG9DtNlClVuFLEZdDNbEs=
golang.org/x/sys v0.0.0-20190620070143-6f217b454f45/go.mod h1:h1NjWce9XRLGQEsW7wpKNCjG9DtNlClVuFLEZdDNbEs=
golang.org/x/text v0.3.0 h1:g61tztE5qeGQ89tm6NTjjM9VPIm088od1l6aSorWRWg=
golang.org/x/text v0.3.0/go.mod h1:NqM8EUOU14njkJ3fqMW+pc6Ldnwhi/IjpwHt7yyuwOQ=
golang.org/x/text v0.3.2 h1:tW2bmiBqwgJj/UpqtC8EpXEZVYOwU0yG4iWbprSVAcs=
golang.org/x/text v0.3.2/go.mod h1:bEr9sfX3Q8Zfm5fL9x+3itogRgK3+ptLWKqgva+5dAk=
golang.org/x/tools v0.0.0-20180917221912-90fa682c2a6e/go.mod h1:n7NCudcB/nEzxVGmLbDWY5pfWTLqBcC2KZ6jyYvM4mQ=
golang.org/x/tools v0.0.0-20190503185657-3b6f9c0030f7/go.mod h1:RgjU9mgBXZiqYHBnxXauZ1Gv1EHHAz9KjViQ78xBX0Q=
golang.org/x/tools v0.0.0-20190612232758-d4e310b4a8a5/go.mod h1:/rFqwRUd4F7ZHNgwSSTFct+R/Kf4OFW1sUzUTQQTgfc=
golang.org/x/tools v0.0.0-20190619215442-4adf7a708c2d/go.mod h1:/rFqwRUd4F7ZHNgwSSTFct+R/Kf4OFW1sUzUTQQTgfc=
gopkg.in/alecthomas/kingpin.v3-unstable v3.0.0-20180810215634-df19058c872c h1:vTxShRUnK60yd8DZU+f95p1zSLj814+5CuEh7NjF2/Y=
gopkg.in/alecthomas/kingpin.v3-unstable v3.0.0-20180810215634-df19058c872c/go.mod h1:3HH7i1SgMqlzxCcBmUHW657sD4Kvv9sC3HpL3YukzwA=
gopkg.in/check.v1 v0.0.0-20161208181325-20d25e280405/go.mod h1:Co6ibVJAznAaIkqp8huTwlJQCZ016jof/cbN4VW5Yz0=
gopkg.in/check.v1 v1.0.0-20180628173108-788fd7840127 h1:qIbj1fsPNlZgppZ+VLlY7N33q108Sa+fhmuc+sWQYwY=
gopkg.in/check.v1 v1.0.0-20180628173108-788fd7840127/go.mod h1:Co6ibVJAznAaIkqp8huTwlJQCZ016jof/cbN4VW5Yz0=
gopkg.in/src-d/go-billy.v4 v4.2.1 h1:omN5CrMrMcQ+4I8bJ0wEhOBPanIRWzFC953IiXKdYzo=
gopkg.in/src-d/go-billy.v4 v4.2.1/go.mod h1:tm33zBoOwxjYHZIE+OV8bxTWFMJLrconzFMd38aARFk=
gopkg.in/src-d/go-git-fixtures.v3 v3.1.1/go.mod h1:dLBcvytrw/TYZsNTWCnkNF2DSIlzWYqTe3rJR56Ac7g=
gopkg.in/src-d/go-git.v4 v4.8.1 h1:aAyBmkdE1QUUEHcP4YFCGKmsMQRAuRmUcPEQR7lOAa0=
gopkg.in/src-d/go-git.v4 v4.8.1/go.mod h1:Vtut8izDyrM8BUVQnzJ+YvmNcem2J89EmfZYCkLokZk=
gopkg.in/warnings.v0 v0.1.2 h1:wFXVbFY8DY5/xOe1ECiWdKCzZlxgshcYVNkBHstARME=
gopkg.in/warnings.v0 v0.1.2/go.mod h1:jksf8JmL6Qr/oQM2OXTHunEvvTAsrWBLb6OOjuVWRNI=
gopkg.in/yaml.v2 v2.2.2 h1:ZCJp+EgiOT7lHqUV2J862kp8Qj64Jo6az82+3Td9dZw=
gopkg.in/yaml.v2 v2.2.2/go.mod h1:hI93XBmqTisBFMUTm0b8Fm+jr3Dg1NNxqwp+5A1VGuI=
